Microsoft Visual Studio Solution File, Format Version 12.00
# Visual Studio Version 17
VisualStudioVersion = 17.5.2.0
MinimumVisualStudioVersion = 10.0.40219.1
Project("{2150E333-8FDC-42A3-9474-1A3956D46DE8}") = "src", "src", "{827E0CD3-B72D-47B6-A68D-7590B98EB39B}"
EndProject
Project("{2150E333-8FDC-42A3-9474-1A3956D46DE8}") = "LeetCode", "LeetCode", "{BBB2E220-41B8-9C0C-5DF0-67ED4F79D9FC}"
EndProject
Project("{FAE04EC0-301F-11D3-BF4B-00C04F79EFBC}") = "Easy", "src\LeetCode\Easy\Easy.csproj", "{8FDCED81-1077-6A44-7DF8-3DC2E7370AD2}"
EndProject
Project("{FAE04EC0-301F-11D3-BF4B-00C04F79EFBC}") = "Medium", "src\LeetCode\Medium\Medium.csproj", "{BCBF39AF-1876-F0E9-06B1-FA3D490B4D92}"
EndProject
Global
	GlobalSection(SolutionConfigurationPlatforms) = preSolution
		Debug|Any CPU = Debug|Any CPU
		Release|Any CPU = Release|Any CPU
	EndGlobalSection
	GlobalSection(ProjectConfigurationPlatforms) = postSolution
		{8FDCED81-1077-6A44-7DF8-3DC2E7370AD2}.Debug|Any CPU.ActiveCfg = Debug|Any CPU
		{8FDCED81-1077-6A44-7DF8-3DC2E7370AD2}.Debug|Any CPU.Build.0 = Debug|Any CPU
		{8FDCED81-1077-6A44-7DF8-3DC2E7370AD2}.Release|Any CPU.ActiveCfg = Release|Any CPU
		{8FDCED81-1077-6A44-7DF8-3DC2E7370AD2}.Release|Any CPU.Build.0 = Release|Any CPU
		{BCBF39AF-1876-F0E9-06B1-FA3D490B4D92}.Debug|Any CPU.ActiveCfg = Debug|Any CPU
		{BCBF39AF-1876-F0E9-06B1-FA3D490B4D92}.Debug|Any CPU.Build.0 = Debug|Any CPU
		{BCBF39AF-1876-F0E9-06B1-FA3D490B4D92}.Release|Any CPU.ActiveCfg = Release|Any CPU
		{BCBF39AF-1876-F0E9-06B1-FA3D490B4D92}.Release|Any CPU.Build.0 = Release|Any CPU
	EndGlobalSection
	GlobalSection(SolutionProperties) = preSolution
		HideSolutionNode = FALSE
	EndGlobalSection
	GlobalSection(NestedProjects) = preSolution
		{BBB2E220-41B8-9C0C-5DF0-67ED4F79D9FC} = {827E0CD3-B72D-47B6-A68D-7590B98EB39B}
		{8FDCED81-1077-6A44-7DF8-3DC2E7370AD2} = {BBB2E220-41B8-9C0C-5DF0-67ED4F79D9FC}
		{BCBF39AF-1876-F0E9-06B1-FA3D490B4D92} = {BBB2E220-41B8-9C0C-5DF0-67ED4F79D9FC}
	EndGlobalSection
	GlobalSection(ExtensibilityGlobals) = postSolution
		SolutionGuid = {F585EB33-9B0B-449E-A339-AC35412BEFC9}
	EndGlobalSection
EndGlobal
